
Microsoft Visual Studio Solution File, Format Version 12.00
# Visual Studio 14
VisualStudioVersion = 14.0.25420.1
MinimumVisualStudioVersion = 10.0.40219.1
Project("{FAE04EC0-301F-11D3-BF4B-00C04F79EFBC}") = "AOUT.CH3.LogAnStubAndMock", "AOUT.CH3.LogAnStubAndMock\AOUT.CH3.LogAnStubAndMock.csproj", "{955AF7CB-9B7C-4C71-B1E3-074E056AAFD0}"
EndProject
Project("{FAE04EC0-301F-11D3-BF4B-00C04F79EFBC}") = "AOUT.CH3.LogAnStubAndMock.UnitTests", "AOUT.CH3.LogAnStubAndMock.UnitTests\AOUT.CH3.LogAnStubAndMock.UnitTests.csproj", "{D128586A-8093-4F1D-B04E-E78DFBB68E76}"
EndProject
Global
	GlobalSection(SolutionConfigurationPlatforms) = preSolution
		Debug|Any CPU = Debug|Any CPU
		Release|Any CPU = Release|Any CPU
	EndGlobalSection
	GlobalSection(ProjectConfigurationPlatforms) = postSolution
		{955AF7CB-9B7C-4C71-B1E3-074E056AAFD0}.Debug|Any CPU.ActiveCfg = Debug|Any CPU
		{955AF7CB-9B7C-4C71-B1E3-074E056AAFD0}.Debug|Any CPU.Build.0 = Debug|Any CPU
		{955AF7CB-9B7C-4C71-B1E3-074E056AAFD0}.Release|Any CPU.ActiveCfg = Release|Any CPU
		{955AF7CB-9B7C-4C71-B1E3-074E056AAFD0}.Release|Any CPU.Build.0 = Release|Any CPU
		{D128586A-8093-4F1D-B04E-E78DFBB68E76}.Debug|Any CPU.ActiveCfg = Debug|Any CPU
		{D128586A-8093-4F1D-B04E-E78DFBB68E76}.Debug|Any CPU.Build.0 = Debug|Any CPU
		{D128586A-8093-4F1D-B04E-E78DFBB68E76}.Release|Any CPU.ActiveCfg = Release|Any CPU
		{D128586A-8093-4F1D-B04E-E78DFBB68E76}.Release|Any CPU.Build.0 = Release|Any CPU
	EndGlobalSection
	GlobalSection(SolutionProperties) = preSolution
		HideSolutionNode = FALSE
	EndGlobalSection
EndGlobal
